
Microsoft Visual Studio Solution File, Format Version 10.00
# Visual Studio 2008
Project("{FAE04EC0-301F-11D3-BF4B-00C04F79EFBC}") = "LimFTPClient", "LimFTPClient\LimFTPClient.csproj", "{2A4A2E09-829F-475C-9146-0AF2693BD8F3}"
	ProjectSection(ProjectDependencies) = postProject
		{80729D09-C701-483C-99AA-0128C29E0AB3} = {80729D09-C701-483C-99AA-0128C29E0AB3}
		{3A53087E-EFEC-414C-B860-5A9653DB6E5F} = {3A53087E-EFEC-414C-B860-5A9653DB6E5F}
	EndProjectSection
EndProject
Project("{FAE04EC0-301F-11D3-BF4B-00C04F79EFBC}") = "WinMobileNetCFExt", "LimFTPClient\lib\WinMobileNetCFExt\WinMobileNetCFExt.csproj", "{80729D09-C701-483C-99AA-0128C29E0AB3}"
EndProject
Project("{FAE04EC0-301F-11D3-BF4B-00C04F79EFBC}") = "NetCFLibFTP", "LimFTPClient\lib\NetCFLibFTP\NetCFLibFTP.csproj", "{3A53087E-EFEC-414C-B860-5A9653DB6E5F}"
EndProject
Global
	GlobalSection(SolutionConfigurationPlatforms) = preSolution
		Debug|Any CPU = Debug|Any CPU
		Release|Any CPU = Release|Any CPU
	EndGlobalSection
	GlobalSection(ProjectConfigurationPlatforms) = postSolution
		{2A4A2E09-829F-475C-9146-0AF2693BD8F3}.Debug|Any CPU.ActiveCfg = Debug|Any CPU
		{2A4A2E09-829F-475C-9146-0AF2693BD8F3}.Debug|Any CPU.Build.0 = Debug|Any CPU
		{2A4A2E09-829F-475C-9146-0AF2693BD8F3}.Debug|Any CPU.Deploy.0 = Debug|Any CPU
		{2A4A2E09-829F-475C-9146-0AF2693BD8F3}.Release|Any CPU.ActiveCfg = Release|Any CPU
		{2A4A2E09-829F-475C-9146-0AF2693BD8F3}.Release|Any CPU.Build.0 = Release|Any CPU
		{2A4A2E09-829F-475C-9146-0AF2693BD8F3}.Release|Any CPU.Deploy.0 = Release|Any CPU
		{80729D09-C701-483C-99AA-0128C29E0AB3}.Debug|Any CPU.ActiveCfg = Debug|Any CPU
		{80729D09-C701-483C-99AA-0128C29E0AB3}.Debug|Any CPU.Build.0 = Debug|Any CPU
		{80729D09-C701-483C-99AA-0128C29E0AB3}.Release|Any CPU.ActiveCfg = Release|Any CPU
		{80729D09-C701-483C-99AA-0128C29E0AB3}.Release|Any CPU.Build.0 = Release|Any CPU
		{3A53087E-EFEC-414C-B860-5A9653DB6E5F}.Debug|Any CPU.ActiveCfg = Debug|Any CPU
		{3A53087E-EFEC-414C-B860-5A9653DB6E5F}.Debug|Any CPU.Build.0 = Debug|Any CPU
		{3A53087E-EFEC-414C-B860-5A9653DB6E5F}.Release|Any CPU.ActiveCfg = Release|Any CPU
		{3A53087E-EFEC-414C-B860-5A9653DB6E5F}.Release|Any CPU.Build.0 = Release|Any CPU
	EndGlobalSection
	GlobalSection(SolutionProperties) = preSolution
		HideSolutionNode = FALSE
	EndGlobalSection
EndGlobal
